
Microsoft Visual Studio Solution File, Format Version 12.00
# Visual Studio Version 17
VisualStudioVersion = 17.0.31903.59
MinimumVisualStudioVersion = 10.0.40219.1
Project("{9A19103F-16F7-4668-BE54-9A1E7A4F7556}") = "UserService.Shared", "UserService.Shared\UserService.Shared.csproj", "{64AFC630-FF4B-43CB-9CC6-48F57C7844D1}"
EndProject
Project("{9A19103F-16F7-4668-BE54-9A1E7A4F7556}") = "UserService.Startup", "UserService.Startup\UserService.Startup.csproj", "{4183EA7A-34BF-4C6A-A529-FD02EDD3E8DF}"
EndProject
Project("{9A19103F-16F7-4668-BE54-9A1E7A4F7556}") = "UserService.WebApi", "UserService.WebApi\UserService.WebApi.csproj", "{866B172D-7BC7-4683-A570-E1F05B132BA5}"
EndProject
Project("{2150E333-8FDC-42A3-9474-1A3956D46DE8}") = "Solution Items", "Solution Items", "{72D0E69E-C3E5-4733-8DC0-B88D905E8F99}"
	ProjectSection(SolutionItems) = preProject
		Dockerfile = Dockerfile
	EndProjectSection
EndProject
Global
	GlobalSection(SolutionConfigurationPlatforms) = preSolution
		Debug|Any CPU = Debug|Any CPU
		Release|Any CPU = Release|Any CPU
	EndGlobalSection
	GlobalSection(ProjectConfigurationPlatforms) = postSolution
		{64AFC630-FF4B-43CB-9CC6-48F57C7844D1}.Debug|Any CPU.ActiveCfg = Debug|Any CPU
		{64AFC630-FF4B-43CB-9CC6-48F57C7844D1}.Debug|Any CPU.Build.0 = Debug|Any CPU
		{64AFC630-FF4B-43CB-9CC6-48F57C7844D1}.Release|Any CPU.ActiveCfg = Release|Any CPU
		{64AFC630-FF4B-43CB-9CC6-48F57C7844D1}.Release|Any CPU.Build.0 = Release|Any CPU
		{4183EA7A-34BF-4C6A-A529-FD02EDD3E8DF}.Debug|Any CPU.ActiveCfg = Debug|Any CPU
		{4183EA7A-34BF-4C6A-A529-FD02EDD3E8DF}.Debug|Any CPU.Build.0 = Debug|Any CPU
		{4183EA7A-34BF-4C6A-A529-FD02EDD3E8DF}.Release|Any CPU.ActiveCfg = Release|Any CPU
		{4183EA7A-34BF-4C6A-A529-FD02EDD3E8DF}.Release|Any CPU.Build.0 = Release|Any CPU
		{866B172D-7BC7-4683-A570-E1F05B132BA5}.Debug|Any CPU.ActiveCfg = Debug|Any CPU
		{866B172D-7BC7-4683-A570-E1F05B132BA5}.Debug|Any CPU.Build.0 = Debug|Any CPU
		{866B172D-7BC7-4683-A570-E1F05B132BA5}.Release|Any CPU.ActiveCfg = Release|Any CPU
		{866B172D-7BC7-4683-A570-E1F05B132BA5}.Release|Any CPU.Build.0 = Release|Any CPU
	EndGlobalSection
	GlobalSection(SolutionProperties) = preSolution
		HideSolutionNode = FALSE
	EndGlobalSection
	GlobalSection(ExtensibilityGlobals) = postSolution
		SolutionGuid = {B0B3F498-D668-4309-B92B-480AE3FDE577}
	EndGlobalSection
EndGlobal
